
Microsoft Visual Studio Solution File, Format Version 12.00
# Visual Studio Version 16
VisualStudioVersion = 16.0.31624.102
MinimumVisualStudioVersion = 10.0.40219.1
Project("{FAE04EC0-301F-11D3-BF4B-00C04F79EFBC}") = "Ex7", "Ex7.csproj", "{86886E92-AF4A-42DE-BF22-47085251FF50}"
EndProject
Project("{2150E333-8FDC-42A3-9474-1A3956D46DE8}") = "Solution Items", "Solution Items", "{7505F029-AB09-4991-B7DE-CE8BE6695BE9}"
EndProject
Global
	GlobalSection(SolutionConfigurationPlatforms) = preSolution
		Debug|Any CPU = Debug|Any CPU
		Release|Any CPU = Release|Any CPU
	EndGlobalSection
	GlobalSection(ProjectConfigurationPlatforms) = postSolution
		{86886E92-AF4A-42DE-BF22-47085251FF50}.Debug|Any CPU.ActiveCfg = Debug|Any CPU
		{86886E92-AF4A-42DE-BF22-47085251FF50}.Debug|Any CPU.Build.0 = Debug|Any CPU
		{86886E92-AF4A-42DE-BF22-47085251FF50}.Release|Any CPU.ActiveCfg = Release|Any CPU
		{86886E92-AF4A-42DE-BF22-47085251FF50}.Release|Any CPU.Build.0 = Release|Any CPU
	EndGlobalSection
	GlobalSection(SolutionProperties) = preSolution
		HideSolutionNode = FALSE
	EndGlobalSection
	GlobalSection(ExtensibilityGlobals) = postSolution
		SolutionGuid = {F37782FD-5FBE-44C0-8F4D-BFA1C3602B9C}
	EndGlobalSection
EndGlobal
